// !$*UTF8*$!
{
	archiveVersion = 1;
	classes = {
	};
	objectVersion = 56;
	objects = {

/* Begin PBXBuildFile section */
		29701ED82A41F94F00A691E7 /* PlantFlutterApp.swift in Sources */ = {isa = PBXBuildFile; fileRef = 29701ED72A41F94F00A691E7 /* PlantFlutterApp.swift */; };
		29701EDA2A41F94F00A691E7 /* ContentView.swift in Sources */ = {isa = PBXBuildFile; fileRef = 29701ED92A41F94F00A691E7 /* ContentView.swift */; };
		29701EDC2A41F95100A691E7 /* Assets.xcassets in Resources */ = {isa = PBXBuildFile; fileRef = 29701EDB2A41F95100A691E7 /* Assets.xcassets */; };
		29701EDF2A41F95100A691E7 /* Preview Assets.xcassets in Resources */ = {isa = PBXBuildFile; fileRef = 29701EDE2A41F95100A691E7 /* Preview Assets.xcassets */; };
		29701EE72A4203B000A691E7 /* WelcomeScreenView.swift in Sources */ = {isa = PBXBuildFile; fileRef = 29701EE62A4203B000A691E7 /* WelcomeScreenView.swift */; };
		29701EE92A4204D300A691E7 /* HomeScreenView.swift in Sources */ = {isa = PBXBuildFile; fileRef = 29701EE82A4204D300A691E7 /* HomeScreenView.swift */; };
		29701EEC2A4207E300A691E7 /* HeaderView.swift in Sources */ = {isa = PBXBuildFile; fileRef = 29701EEB2A4207E300A691E7 /* HeaderView.swift */; };
		29701EEE2A420E3400A691E7 /* CategoriesView.swift in Sources */ = {isa = PBXBuildFile; fileRef = 29701EED2A420E3400A691E7 /* CategoriesView.swift */; };
		29701EF02A420FFD00A691E7 /* SectionTitleView.swift in Sources */ = {isa = PBXBuildFile; fileRef = 29701EEF2A420FFD00A691E7 /* SectionTitleView.swift */; };
/* End PBXBuildFile section */

/* Begin PBXFileReference section */
		29701ED42A41F94F00A691E7 /* PlantFlutter.app */ = {isa = PBXFileReference; explicitFileType = wrapper.application; includeInIndex = 0; path = PlantFlutter.app; sourceTree = BUILT_PRODUCTS_DIR; };
		29701ED72A41F94F00A691E7 /* PlantFlutterApp.swift */ = {isa = PBXFileReference; lastKnownFileType = sourcecode.swift; path = PlantFlutterApp.swift; sourceTree = "<group>"; };
		29701ED92A41F94F00A691E7 /* ContentView.swift */ = {isa = PBXFileReference; lastKnownFileType = sourcecode.swift; path = ContentView.swift; sourceTree = "<group>"; };
		29701EDB2A41F95100A691E7 /* Assets.xcassets */ = {isa = PBXFileReference; lastKnownFileType = folder.assetcatalog; path = Assets.xcassets; sourceTree = "<group>"; };
		29701EDE2A41F95100A691E7 /* Preview Assets.xcassets */ = {isa = PBXFileReference; lastKnownFileType = folder.assetcatalog; path = "Preview Assets.xcassets"; sourceTree = "<group>"; };
		29701EE62A4203B000A691E7 /* WelcomeScreenView.swift */ = {isa = PBXFileReference; lastKnownFileType = sourcecode.swift; path = WelcomeScreenView.swift; sourceTree = "<group>"; };
		29701EE82A4204D300A691E7 /* HomeScreenView.swift */ = {isa = PBXFileReference; lastKnownFileType = sourcecode.swift; path = HomeScreenView.swift; sourceTree = "<group>"; };
		29701EEB2A4207E300A691E7 /* HeaderView.swift */ = {isa = PBXFileReference; lastKnownFileType = sourcecode.swift; path = HeaderView.swift; sourceTree = "<group>"; };
		29701EED2A420E3400A691E7 /* CategoriesView.swift */ = {isa = PBXFileReference; lastKnownFileType = sourcecode.swift; path = CategoriesView.swift; sourceTree = "<group>"; };
		29701EEF2A420FFD00A691E7 /* SectionTitleView.swift */ = {isa = PBXFileReference; lastKnownFileType = sourcecode.swift; path = SectionTitleView.swift; sourceTree = "<group>"; };
/* End PBXFileReference section */

/* Begin PBXFrameworksBuildPhase section */
		29701ED12A41F94F00A691E7 /* Frameworks */ = {
			isa = PBXFrameworksBuildPhase;
			buildActionMask = 2147483647;
			files = (
			);
			runOnlyForDeploymentPostprocessing = 0;
		};
/* End PBXFrameworksBuildPhase section */

/* Begin PBXGroup section */
		29701ECB2A41F94F00A691E7 = {
			isa = PBXGroup;
			children = (
				29701ED62A41F94F00A691E7 /* PlantFlutter */,
				29701ED52A41F94F00A691E7 /* Products */,
			);
			sourceTree = "<group>";
		};
		29701ED52A41F94F00A691E7 /* Products */ = {
			isa = PBXGroup;
			children = (
				29701ED42A41F94F00A691E7 /* PlantFlutter.app */,
			);
			name = Products;
			sourceTree = "<group>";
		};
		29701ED62A41F94F00A691E7 /* PlantFlutter */ = {
			isa = PBXGroup;
			children = (
				29701EEA2A4207B100A691E7 /* Componentes */,
				29701EE52A42039400A691E7 /* Screens */,
				29701ED72A41F94F00A691E7 /* PlantFlutterApp.swift */,
				29701ED92A41F94F00A691E7 /* ContentView.swift */,
				29701EDB2A41F95100A691E7 /* Assets.xcassets */,
				29701EDD2A41F95100A691E7 /* Preview Content */,
			);
			path = PlantFlutter;
			sourceTree = "<group>";
		};
		29701EDD2A41F95100A691E7 /* Preview Content */ = {
			isa = PBXGroup;
			children = (
				29701EDE2A41F95100A691E7 /* Preview Assets.xcassets */,
			);
			path = "Preview Content";
			sourceTree = "<group>";
		};
		29701EE52A42039400A691E7 /* Screens */ = {
			isa = PBXGroup;
			children = (
				29701EE62A4203B000A691E7 /* WelcomeScreenView.swift */,
				29701EE82A4204D300A691E7 /* HomeScreenView.swift */,
			);
			path = Screens;
			sourceTree = "<group>";
		};
		29701EEA2A4207B100A691E7 /* Componentes */ = {
			isa = PBXGroup;
			children = (
				29701EEB2A4207E300A691E7 /* HeaderView.swift */,
				29701EED2A420E3400A691E7 /* CategoriesView.swift */,
				29701EEF2A420FFD00A691E7 /* SectionTitleView.swift */,
			);
			path = Componentes;
			sourceTree = "<group>";
		};
/* End PBXGroup section */

/* Begin PBXNativeTarget section */
		29701ED32A41F94F00A691E7 /* PlantFlutter */ = {
			isa = PBXNativeTarget;
			buildConfigurationList = 29701EE22A41F95100A691E7 /* Build configuration list for PBXNativeTarget "PlantFlutter" */;
			buildPhases = (
				29701ED02A41F94F00A691E7 /* Sources */,
				29701ED12A41F94F00A691E7 /* Frameworks */,
				29701ED22A41F94F00A691E7 /* Resources */,
			);
			buildRules = (
			);
			dependencies = (
			);
			name = PlantFlutter;
			productName = PlantFlutter;
			productReference = 29701ED42A41F94F00A691E7 /* PlantFlutter.app */;
			productType = "com.apple.product-type.application";
		};
/* End PBXNativeTarget section */

/* Begin PBXProject section */
		29701ECC2A41F94F00A691E7 /* Project object */ = {
			isa = PBXProject;
			attributes = {
				BuildIndependentTargetsInParallel = 1;
				LastSwiftUpdateCheck = 1430;
				LastUpgradeCheck = 1430;
				TargetAttributes = {
					29701ED32A41F94F00A691E7 = {
						CreatedOnToolsVersion = 14.3.1;
					};
				};
			};
			buildConfigurationList = 29701ECF2A41F94F00A691E7 /* Build configuration list for PBXProject "PlantFlutter" */;
			compatibilityVersion = "Xcode 14.0";
			developmentRegion = en;
			hasScannedForEncodings = 0;
			knownRegions = (
				en,
				Base,
			);
			mainGroup = 29701ECB2A41F94F00A691E7;
			productRefGroup = 29701ED52A41F94F00A691E7 /* Products */;
			projectDirPath = "";
			projectRoot = "";
			targets = (
				29701ED32A41F94F00A691E7 /* PlantFlutter */,
			);
		};
/* End PBXProject section */

/* Begin PBXResourcesBuildPhase section */
		29701ED22A41F94F00A691E7 /* Resources */ = {
			isa = PBXResourcesBuildPhase;
			buildActionMask = 2147483647;
			files = (
				29701EDF2A41F95100A691E7 /* Preview Assets.xcassets in Resources */,
				29701EDC2A41F95100A691E7 /* Assets.xcassets in Resources */,
			);
			runOnlyForDeploymentPostprocessing = 0;
		};
/* End PBXResourcesBuildPhase section */

/* Begin PBXSourcesBuildPhase section */
		29701ED02A41F94F00A691E7 /* Sources */ = {
			isa = PBXSourcesBuildPhase;
			buildActionMask = 2147483647;
			files = (
				29701EEC2A4207E300A691E7 /* HeaderView.swift in Sources */,
				29701EE72A4203B000A691E7 /* WelcomeScreenView.swift in Sources */,
				29701EEE2A420E3400A691E7 /* CategoriesView.swift in Sources */,
				29701EDA2A41F94F00A691E7 /* ContentView.swift in Sources */,
				29701ED82A41F94F00A691E7 /* PlantFlutterApp.swift in Sources */,
				29701EE92A4204D300A691E7 /* HomeScreenView.swift in Sources */,
				29701EF02A420FFD00A691E7 /* SectionTitleView.swift in Sources */,
			);
			runOnlyForDeploymentPostprocessing = 0;
		};
/* End PBXSourcesBuildPhase section */

/* Begin XCBuildConfiguration section */
		29701EE02A41F95100A691E7 /* Debug */ = {
			isa = XCBuildConfiguration;
			buildSettings = {
				ALWAYS_SEARCH_USER_PATHS = NO;
				CLANG_ANALYZER_NONNULL = YES;
				CLANG_ANALYZER_NUMBER_OBJECT_CONVERSION = YES_AGGRESSIVE;
				CLANG_CXX_LANGUAGE_STANDARD = "gnu++20";
				CLANG_ENABLE_MODULES = YES;
				CLANG_ENABLE_OBJC_ARC = YES;
				CLANG_ENABLE_OBJC_WEAK = YES;
				CLANG_WARN_BLOCK_CAPTURE_AUTORELEASING = YES;
				CLANG_WARN_BOOL_CONVERSION = YES;
				CLANG_WARN_COMMA = YES;
				CLANG_WARN_CONSTANT_CONVERSION = YES;
				CLANG_WARN_DEPRECATED_OBJC_IMPLEMENTATIONS = YES;
				CLANG_WARN_DIRECT_OBJC_ISA_USAGE = YES_ERROR;
				CLANG_WARN_DOCUMENTATION_COMMENTS = YES;
				CLANG_WARN_EMPTY_BODY = YES;
				CLANG_WARN_ENUM_CONVERSION = YES;
				CLANG_WARN_INFINITE_RECURSION = YES;
				CLANG_WARN_INT_CONVERSION = YES;
				CLANG_WARN_NON_LITERAL_NULL_CONVERSION = YES;
				CLANG_WARN_OBJC_IMPLICIT_RETAIN_SELF = YES;
				CLANG_WARN_OBJC_LITERAL_CONVERSION = YES;
				CLANG_WARN_OBJC_ROOT_CLASS = YES_ERROR;
				CLANG_WARN_QUOTED_INCLUDE_IN_FRAMEWORK_HEADER = YES;
				CLANG_WARN_RANGE_LOOP_ANALYSIS = YES;
				CLANG_WARN_STRICT_PROTOTYPES = YES;
				CLANG_WARN_SUSPICIOUS_MOVE = YES;
				CLANG_WARN_UNGUARDED_AVAILABILITY = YES_AGGRESSIVE;
				CLANG_WARN_UNREACHABLE_CODE = YES;
				CLANG_WARN__DUPLICATE_METHOD_MATCH = YES;
				COPY_PHASE_STRIP = NO;
				DEBUG_INFORMATION_FORMAT = dwarf;
				ENABLE_STRICT_OBJC_MSGSEND = YES;
				ENABLE_TESTABILITY = YES;
				GCC_C_LANGUAGE_STANDARD = gnu11;
				GCC_DYNAMIC_NO_PIC = NO;
				GCC_NO_COMMON_BLOCKS = YES;
				GCC_OPTIMIZATION_LEVEL = 0;
				GCC_PREPROCESSOR_DEFINITIONS = (
					"DEBUG=1",
					"$(inherited)",
				);
				GCC_WARN_64_TO_32_BIT_CONVERSION = YES;
				GCC_WARN_ABOUT_RETURN_TYPE = YES_ERROR;
				GCC_WARN_UNDECLARED_SELECTOR = YES;
				GCC_WARN_UNINITIALIZED_AUTOS = YES_AGGRESSIVE;
				GCC_WARN_UNUSED_FUNCTION = YES;
				GCC_WARN_UNUSED_VARIABLE = YES;
				IPHONEOS_DEPLOYMENT_TARGET = 16.4;
				MTL_ENABLE_DEBUG_INFO = INCLUDE_SOURCE;
				MTL_FAST_MATH = YES;
				ONLY_ACTIVE_ARCH = YES;
				SDKROOT = iphoneos;
				SWIFT_ACTIVE_COMPILATION_CONDITIONS = DEBUG;
				SWIFT_OPTIMIZATION_LEVEL = "-Onone";
			};
			name = Debug;
		};
		29701EE12A41F95100A691E7 /* Release */ = {
			isa = XCBuildConfiguration;
			buildSettings = {
				ALWAYS_SEARCH_USER_PATHS = NO;
				CLANG_ANALYZER_NONNULL = YES;
				CLANG_ANALYZER_NUMBER_OBJECT_CONVERSION = YES_AGGRESSIVE;
				CLANG_CXX_LANGUAGE_STANDARD = "gnu++20";
				CLANG_ENABLE_MODULES = YES;
				CLANG_ENABLE_OBJC_ARC = YES;
				CLANG_ENABLE_OBJC_WEAK = YES;
				CLANG_WARN_BLOCK_CAPTURE_AUTORELEASING = YES;
				CLANG_WARN_BOOL_CONVERSION = YES;
				CLANG_WARN_COMMA = YES;
				CLANG_WARN_CONSTANT_CONVERSION = YES;
				CLANG_WARN_DEPRECATED_OBJC_IMPLEMENTATIONS = YES;
				CLANG_WARN_DIRECT_OBJC_ISA_USAGE = YES_ERROR;
				CLANG_WARN_DOCUMENTATION_COMMENTS = YES;
				CLANG_WARN_EMPTY_BODY = YES;
				CLANG_WARN_ENUM_CONVERSION = YES;
				CLANG_WARN_INFINITE_RECURSION = YES;
				CLANG_WARN_INT_CONVERSION = YES;
				CLANG_WARN_NON_LITERAL_NULL_CONVERSION = YES;
				CLANG_WARN_OBJC_IMPLICIT_RETAIN_SELF = YES;
				CLANG_WARN_OBJC_LITERAL_CONVERSION = YES;
				CLANG_WARN_OBJC_ROOT_CLASS = YES_ERROR;
				CLANG_WARN_QUOTED_INCLUDE_IN_FRAMEWORK_HEADER = YES;
				CLANG_WARN_RANGE_LOOP_ANALYSIS = YES;
				CLANG_WARN_STRICT_PROTOTYPES = YES;
				CLANG_WARN_SUSPICIOUS_MOVE = YES;
				CLANG_WARN_UNGUARDED_AVAILABILITY = YES_AGGRESSIVE;
				CLANG_WARN_UNREACHABLE_CODE = YES;
				CLANG_WARN__DUPLICATE_METHOD_MATCH = YES;
				COPY_PHASE_STRIP = NO;
				DEBUG_INFORMATION_FORMAT = "dwarf-with-dsym";
				ENABLE_NS_ASSERTIONS = NO;
				ENABLE_STRICT_OBJC_MSGSEND = YES;
				GCC_C_LANGUAGE_STANDARD = gnu11;
				GCC_NO_COMMON_BLOCKS = YES;
				GCC_WARN_64_TO_32_BIT_CONVERSION = YES;
				GCC_WARN_ABOUT_RETURN_TYPE = YES_ERROR;
				GCC_WARN_UNDECLARED_SELECTOR = YES;
				GCC_WARN_UNINITIALIZED_AUTOS = YES_AGGRESSIVE;
				GCC_WARN_UNUSED_FUNCTION = YES;
				GCC_WARN_UNUSED_VARIABLE = YES;
				IPHONEOS_DEPLOYMENT_TARGET = 16.4;
				MTL_ENABLE_DEBUG_INFO = NO;
				MTL_FAST_MATH = YES;
				SDKROOT = iphoneos;
				SWIFT_COMPILATION_MODE = wholemodule;
				SWIFT_OPTIMIZATION_LEVEL = "-O";
				VALIDATE_PRODUCT = YES;
			};
			name = Release;
		};
		29701EE32A41F95100A691E7 /* Debug */ = {
			isa = XCBuildConfiguration;
			buildSettings = {
				ASSETCATALOG_COMPILER_APPICON_NAME = AppIcon;
				ASSETCATALOG_COMPILER_GLOBAL_ACCENT_COLOR_NAME = AccentColor;
				CODE_SIGN_STYLE = Automatic;
				CURRENT_PROJECT_VERSION = 1;
				DEVELOPMENT_ASSET_PATHS = "\"PlantFlutter/Preview Content\"";
				DEVELOPMENT_TEAM = G7KVLRM33P;
				ENABLE_PREVIEWS = YES;
				GENERATE_INFOPLIST_FILE = YES;
				INFOPLIST_KEY_UIApplicationSceneManifest_Generation = YES;
				INFOPLIST_KEY_UIApplicationSupportsIndirectInputEvents = YES;
				INFOPLIST_KEY_UILaunchScreen_Generation = YES;
				INFOPLIST_KEY_UISupportedInterfaceOrientations_iPad = "UIInterfaceOrientationPortrait UIInterfaceOrientationPortraitUpsideDown UIInterfaceOrientationLandscapeLeft UIInterfaceOrientationLandscapeRight";
				INFOPLIST_KEY_UISupportedInterfaceOrientations_iPhone = "UIInterfaceOrientationPortrait UIInterfaceOrientationLandscapeLeft UIInterfaceOrientationLandscapeRight";
				LD_RUNPATH_SEARCH_PATHS = (
					"$(inherited)",
					"@executable_path/Frameworks",
				);
				MARKETING_VERSION = 1.0;
				PRODUCT_BUNDLE_IDENTIFIER = com.RayX.PlantFlutter;
				PRODUCT_NAME = "$(TARGET_NAME)";
				SWIFT_EMIT_LOC_STRINGS = YES;
				SWIFT_VERSION = 5.0;
				TARGETED_DEVICE_FAMILY = "1,2";
			};
			name = Debug;
		};
		29701EE42A41F95100A691E7 /* Release */ = {
			isa = XCBuildConfiguration;
			buildSettings = {
				ASSETCATALOG_COMPILER_APPICON_NAME = AppIcon;
				ASSETCATALOG_COMPILER_GLOBAL_ACCENT_COLOR_NAME = AccentColor;
				CODE_SIGN_STYLE = Automatic;
				CURRENT_PROJECT_VERSION = 1;
				DEVELOPMENT_ASSET_PATHS = "\"PlantFlutter/Preview Content\"";
				DEVELOPMENT_TEAM = G7KVLRM33P;
				ENABLE_PREVIEWS = YES;
				GENERATE_INFOPLIST_FILE = YES;
				INFOPLIST_KEY_UIApplicationSceneManifest_Generation = YES;
				INFOPLIST_KEY_UIApplicationSupportsIndirectInputEvents = YES;
				INFOPLIST_KEY_UILaunchScreen_Generation = YES;
				INFOPLIST_KEY_UISupportedInterfaceOrientations_iPad = "UIInterfaceOrientationPortrait UIInterfaceOrientationPortraitUpsideDown UIInterfaceOrientationLandscapeLeft UIInterfaceOrientationLandscapeRight";
				INFOPLIST_KEY_UISupportedInterfaceOrientations_iPhone = "UIInterfaceOrientationPortrait UIInterfaceOrientationLandscapeLeft UIInterfaceOrientationLandscapeRight";
				LD_RUNPATH_SEARCH_PATHS = (
					"$(inherited)",
					"@executable_path/Frameworks",
				);
				MARKETING_VERSION = 1.0;
				PRODUCT_BUNDLE_IDENTIFIER = com.RayX.PlantFlutter;
				PRODUCT_NAME = "$(TARGET_NAME)";
				SWIFT_EMIT_LOC_STRINGS = YES;
				SWIFT_VERSION = 5.0;
				TARGETED_DEVICE_FAMILY = "1,2";
			};
			name = Release;
		};
/* End XCBuildConfiguration section */

/* Begin XCConfigurationList section */
		29701ECF2A41F94F00A691E7 /* Build configuration list for PBXProject "PlantFlutter" */ = {
			isa = XCConfigurationList;
			buildConfigurations = (
				29701EE02A41F95100A691E7 /* Debug */,
				29701EE12A41F95100A691E7 /* Release */,
			);
			defaultConfigurationIsVisible = 0;
			defaultConfigurationName = Release;
		};
		29701EE22A41F95100A691E7 /* Build configuration list for PBXNativeTarget "PlantFlutter" */ = {
			isa = XCConfigurationList;
			buildConfigurations = (
				29701EE32A41F95100A691E7 /* Debug */,
				29701EE42A41F95100A691E7 /* Release */,
			);
			defaultConfigurationIsVisible = 0;
			defaultConfigurationName = Release;
		};
/* End XCConfigurationList section */
	};
	rootObject = 29701ECC2A41F94F00A691E7 /* Project object */;
}
